{
  "name": "task_5",
  "version": "1.0.0",
  "lockfileVersion": 2,
  "requires": true,
  "packages": {
    "": {
      "name": "task_5",
      "version": "1.0.0",
      "license": "ISC",
      "dependencies": {
        "@testing-library/jest-dom": "^5.11.9",
        "@testing-library/react": "^11.2.5",

